{
  "requires": true,
  "lockfileVersion": 1,
  "dependencies": {
    "stream-chain": {
      "version": "2.0.3",
      "resolved": "https://registry.npmjs.org/stream-chain/-/stream-chain-2.0.3.tgz",
      "integrity": "sha512-uCjJTDTAOgBrM2dLkS3mJGICUV3fL0eiTsGQ0bXiKU6et6/7dkTzZCp0eP1d8ZIwiWjthvQZlSx7NxMt7t1aFQ=="
    },
    "stream-json": {
      "version": "1.1.1",
      "resolved": "https://registry.npmjs.org/stream-json/-/stream-json-1.1.1.tgz",
      "integrity": "sha512-oH2bQcjpTIqfFNjYWFlGXpj0G2oh+FaW+RQnR5JAV3LC21T62gUPQ4Ph3eBydjQxaLr3a0xPrSec4fYFtH2gbQ==",
      "requires": {
        "stream-chain": "^2.0.3"
      }
    }
  }
}
